
Microsoft Visual Studio Solution File, Format Version 12.00
# Visual Studio Version 16
VisualStudioVersion = 16.0.34301.259
MinimumVisualStudioVersion = 10.0.40219.1
Project("{FAE04EC0-301F-11D3-BF4B-00C04F79EFBC}") = "DWMBGConfigEditor", "DWMBGConfigEditor.csproj", "{A43DEDD9-E80B-4A2E-934B-83F3C269500F}"
EndProject
Global
	GlobalSection(SolutionConfigurationPlatforms) = preSolution
		Debug|Any CPU = Debug|Any CPU
		Release|Any CPU = Release|Any CPU
	EndGlobalSection
	GlobalSection(ProjectConfigurationPlatforms) = postSolution
		{A43DEDD9-E80B-4A2E-934B-83F3C269500F}.Debug|Any CPU.ActiveCfg = Debug|Any CPU
		{A43DEDD9-E80B-4A2E-934B-83F3C269500F}.Debug|Any CPU.Build.0 = Debug|Any CPU
		{A43DEDD9-E80B-4A2E-934B-83F3C269500F}.Release|Any CPU.ActiveCfg = Release|Any CPU
		{A43DEDD9-E80B-4A2E-934B-83F3C269500F}.Release|Any CPU.Build.0 = Release|Any CPU
	EndGlobalSection
	GlobalSection(SolutionProperties) = preSolution
		HideSolutionNode = FALSE
	EndGlobalSection
	GlobalSection(ExtensibilityGlobals) = postSolution
		SolutionGuid = {7CF4BCDE-9817-4297-A04A-6559D890165A}
	EndGlobalSection
EndGlobal
